SITE
  remote: http://community.opscode.com/api/v1
  specs:
    apt (2.1.1)
    build-essential (1.4.2)
    chef_gem (0.1.0)
    chef_handler (1.1.4)
    dmg (2.0.0)
    git (2.6.0)
      build-essential (>= 0.0.0)
      dmg (>= 0.0.0)
      runit (>= 1.0.0)
      windows (>= 0.0.0)
      yum (>= 0.0.0)
    mongodb (0.11.0)
      apt (>= 0.0.0)
    node (1.0.1)
      git (>= 0.0.0)
      runit (>= 0.0.0)
    redis-package (1.0.0)
    runit (1.2.0)
      build-essential (>= 0.0.0)
      yum (>= 0.0.0)
    windows (1.10.0)
      chef_handler (>= 0.0.0)
    yum (2.3.2)

GIT
  remote: https://github.com/fnichol/chef-rvm
  ref: master
  sha: 7038fb8c518d0d7785767de215b1ae463f237973
  specs:
    rvm (0.9.1)
      chef_gem (>= 0.0.0)

DEPENDENCIES
  apt (>= 2.1.1)
  build-essential (>= 1.4.2)
  git (>= 2.6.0)
  mongodb (>= 0.11.0)
  node (>= 1.0.1)
  redis-package (>= 1.0.0)
  rvm (>= 0)

